{
  "name": "@singleware/ui-field",
  "version": "1.0.35",
  "lockfileVersion": 1,
  "requires": true,
  "dependencies": {
    "@singleware/class": {
      "version": "1.1.11",
      "resolved": "https://registry.npmjs.org/@singleware/class/-/class-1.1.11.tgz",
      "integrity": "sha512-VBehqT+XCt9X2Z7U4AHUjHDHvG7VCziJy3mUVTh0T7CmsJ6s+qV94uHxnUWMrCoALz8l9Aqtj1inPNEqzMdR/Q=="
    },
    "@singleware/jsx": {
      "version": "1.0.12",
      "resolved": "https://registry.npmjs.org/@singleware/jsx/-/jsx-1.0.12.tgz",
      "integrity": "sha512-mBUJD08wK83UEPkJ7D+XkDa+FbSarDi7aqBMLLxDcmj3WCfoREVp2r5+JuNVfmcEElViQeB9Jq9hj+P7zPWURA==",
      "requires": {
        "@singleware/class": "^1.1.9"
      }
    },
    "@singleware/ui-control": {
      "version": "1.0.12",
      "resolved": "https://registry.npmjs.org/@singleware/ui-control/-/ui-control-1.0.12.tgz",
      "integrity": "sha512-wDhYB7LjlF116zTndKeVPGuJYKOYLuj8Vn3kK06Na5uu8LnpRjWpJhDfHyskbYMRRlE1J9YxBpeBUP2a9bNFjg==",
      "requires": {
        "@singleware/class": "^1.1.9",
        "@singleware/jsx": "^1.0.11"
      }
    },
    "prettier": {
      "version": "1.14.2",
      "resolved": "https://registry.npmjs.org/prettier/-/prettier-1.14.2.tgz",
      "integrity": "sha512-McHPg0n1pIke+A/4VcaS2en+pTNjy4xF+Uuq86u/5dyDO59/TtFZtQ708QIRkEZ3qwKz3GVkVa6mpxK/CpB8Rg==",
      "dev": true
    },
    "typescript": {
      "version": "2.9.2",
      "resolved": "https://registry.npmjs.org/typescript/-/typescript-2.9.2.tgz",
      "integrity": "sha512-Gr4p6nFNaoufRIY4NMdpQRNmgxVIGMs4Fcu/ujdYk3nAZqk7supzBE9idmvfZIlH/Cuj//dvi+019qEue9lV0w==",
      "dev": true
    }
  }
}
